
Microsoft Visual Studio Solution File, Format Version 12.00
# Visual Studio Version 17
VisualStudioVersion = 17.11.35103.136
MinimumVisualStudioVersion = 10.0.40219.1
Project("{FAE04EC0-301F-11D3-BF4B-00C04F79EFBC}") = "Ticketz", "Ticketz\Ticketz.csproj", "{B0C14598-BA54-406E-95E2-13514F9E319A}"
EndProject
Global
	GlobalSection(SolutionConfigurationPlatforms) = preSolution
		Debug|Any CPU = Debug|Any CPU
		Release|Any CPU = Release|Any CPU
	EndGlobalSection
	GlobalSection(ProjectConfigurationPlatforms) = postSolution
		{B0C14598-BA54-406E-95E2-13514F9E319A}.Debug|Any CPU.ActiveCfg = Debug|Any CPU
		{B0C14598-BA54-406E-95E2-13514F9E319A}.Debug|Any CPU.Build.0 = Debug|Any CPU
		{B0C14598-BA54-406E-95E2-13514F9E319A}.Release|Any CPU.ActiveCfg = Release|Any CPU
		{B0C14598-BA54-406E-95E2-13514F9E319A}.Release|Any CPU.Build.0 = Release|Any CPU
	EndGlobalSection
	GlobalSection(SolutionProperties) = preSolution
		HideSolutionNode = FALSE
	EndGlobalSection
	GlobalSection(ExtensibilityGlobals) = postSolution
		SolutionGuid = {2A9E450D-A75B-41F1-9BB2-D446DC0891A7}
	EndGlobalSection
EndGlobal
